
Microsoft Visual Studio Solution File, Format Version 12.00
# Visual Studio Version 17
VisualStudioVersion = 17.3.32929.385
MinimumVisualStudioVersion = 10.0.40219.1
Project("{FAE04EC0-301F-11D3-BF4B-00C04F79EFBC}") = "lesson 15", "lesson 15\lesson 15.csproj", "{EDED1485-590A-469C-AE20-B0B6AFF834B0}"
EndProject
Global
	GlobalSection(SolutionConfigurationPlatforms) = preSolution
		Debug|Any CPU = Debug|Any CPU
		Release|Any CPU = Release|Any CPU
	EndGlobalSection
	GlobalSection(ProjectConfigurationPlatforms) = postSolution
		{EDED1485-590A-469C-AE20-B0B6AFF834B0}.Debug|Any CPU.ActiveCfg = Debug|Any CPU
		{EDED1485-590A-469C-AE20-B0B6AFF834B0}.Debug|Any CPU.Build.0 = Debug|Any CPU
		{EDED1485-590A-469C-AE20-B0B6AFF834B0}.Release|Any CPU.ActiveCfg = Release|Any CPU
		{EDED1485-590A-469C-AE20-B0B6AFF834B0}.Release|Any CPU.Build.0 = Release|Any CPU
	EndGlobalSection
	GlobalSection(SolutionProperties) = preSolution
		HideSolutionNode = FALSE
	EndGlobalSection
	GlobalSection(ExtensibilityGlobals) = postSolution
		SolutionGuid = {48FE6DD0-1A22-4827-838D-262F0C4F0BAD}
	EndGlobalSection
EndGlobal
